// !$*UTF8*$!
{
	archiveVersion = 1;
	classes = {
	};
	objectVersion = 46;
	objects = {

/* Begin PBXBuildFile section */
		502C2B771D263E1D00BCCC38 /* AppDelegate.swift in Sources */ = {isa = PBXBuildFile; fileRef = 502C2B761D263E1D00BCCC38 /* AppDelegate.swift */; };
		502C2B791D263E1D00BCCC38 /* Assets.xcassets in Resources */ = {isa = PBXBuildFile; fileRef = 502C2B781D263E1D00BCCC38 /* Assets.xcassets */; };
		502C2B7C1D263E1D00BCCC38 /* MainMenu.xib in Resources */ = {isa = PBXBuildFile; fileRef = 502C2B7A1D263E1D00BCCC38 /* MainMenu.xib */; };
		502C2B941D263E4400BCCC38 /* MarkdownImporterTests.swift in Sources */ = {isa = PBXBuildFile; fileRef = 502C2B911D263E4400BCCC38 /* MarkdownImporterTests.swift */; };
		502C2B951D263E4400BCCC38 /* MarkdownTokenizerTests.swift in Sources */ = {isa = PBXBuildFile; fileRef = 502C2B921D263E4400BCCC38 /* MarkdownTokenizerTests.swift */; };
		502C2B961D263E4400BCCC38 /* MarkdownParserTests.swift in Sources */ = {isa = PBXBuildFile; fileRef = 502C2B931D263E4400BCCC38 /* MarkdownParserTests.swift */; };
		502C2B9D1D263E6D00BCCC38 /* MarkdownImporter.swift in Sources */ = {isa = PBXBuildFile; fileRef = 502C2B971D263E6D00BCCC38 /* MarkdownImporter.swift */; };
		502C2B9E1D263E6D00BCCC38 /* MarkdownParser.swift in Sources */ = {isa = PBXBuildFile; fileRef = 502C2B981D263E6D00BCCC38 /* MarkdownParser.swift */; };
		502C2B9F1D263E6D00BCCC38 /* MarkdownTokenizer.swift in Sources */ = {isa = PBXBuildFile; fileRef = 502C2B991D263E6D00BCCC38 /* MarkdownTokenizer.swift */; };
		502C2BA01D263E6D00BCCC38 /* MarkdownSyntax.swift in Sources */ = {isa = PBXBuildFile; fileRef = 502C2B9A1D263E6D00BCCC38 /* MarkdownSyntax.swift */; };
		502C2BA11D263E6D00BCCC38 /* MarkdownTableContents.swift in Sources */ = {isa = PBXBuildFile; fileRef = 502C2B9B1D263E6D00BCCC38 /* MarkdownTableContents.swift */; };
		502C2BA21D263E6D00BCCC38 /* MarkdownTableVariant+Parsing.swift in Sources */ = {isa = PBXBuildFile; fileRef = 502C2B9C1D263E6D00BCCC38 /* MarkdownTableVariant+Parsing.swift */; };
		502C2BA81D263E8700BCCC38 /* MarkdownContents.swift in Sources */ = {isa = PBXBuildFile; fileRef = 502C2BA51D263E8700BCCC38 /* MarkdownContents.swift */; };
		502C2BA91D263E8700BCCC38 /* MarkdownTable.swift in Sources */ = {isa = PBXBuildFile; fileRef = 502C2BA61D263E8700BCCC38 /* MarkdownTable.swift */; };
		502C2BAA1D263E8700BCCC38 /* MarkdownTableVariant.swift in Sources */ = {isa = PBXBuildFile; fileRef = 502C2BA71D263E8700BCCC38 /* MarkdownTableVariant.swift */; };
		502C2BAF1D263E9C00BCCC38 /* TableRepresentation.swift in Sources */ = {isa = PBXBuildFile; fileRef = 502C2BAC1D263E9C00BCCC38 /* TableRepresentation.swift */; };
		502C2BBC1D263EA800BCCC38 /* TableData.swift in Sources */ = {isa = PBXBuildFile; fileRef = 502C2BB11D263EA800BCCC38 /* TableData.swift */; };
		502C2BBD1D263EA800BCCC38 /* ColumnInformation.swift in Sources */ = {isa = PBXBuildFile; fileRef = 502C2BB21D263EA800BCCC38 /* ColumnInformation.swift */; };
		502C2BBE1D263EA800BCCC38 /* ColumnData.swift in Sources */ = {isa = PBXBuildFile; fileRef = 502C2BB31D263EA800BCCC38 /* ColumnData.swift */; };
		502C2BBF1D263EA800BCCC38 /* ColumnLens.swift in Sources */ = {isa = PBXBuildFile; fileRef = 502C2BB41D263EA800BCCC38 /* ColumnLens.swift */; };
		502C2BC01D263EA800BCCC38 /* Column.swift in Sources */ = {isa = PBXBuildFile; fileRef = 502C2BB51D263EA800BCCC38 /* Column.swift */; };
		502C2BC11D263EA800BCCC38 /* ColumnContents.swift in Sources */ = {isa = PBXBuildFile; fileRef = 502C2BB61D263EA800BCCC38 /* ColumnContents.swift */; };
		502C2BC21D263EA800BCCC38 /* RowLens.swift in Sources */ = {isa = PBXBuildFile; fileRef = 502C2BB71D263EA800BCCC38 /* RowLens.swift */; };
		502C2BC31D263EA800BCCC38 /* Row.swift in Sources */ = {isa = PBXBuildFile; fileRef = 502C2BB81D263EA800BCCC38 /* Row.swift */; };
		502C2BC41D263EA800BCCC38 /* RowContents.swift in Sources */ = {isa = PBXBuildFile; fileRef = 502C2BB91D263EA800BCCC38 /* RowContents.swift */; };
		502C2BC51D263EA800BCCC38 /* Cell.swift in Sources */ = {isa = PBXBuildFile; fileRef = 502C2BBA1D263EA800BCCC38 /* Cell.swift */; };
		502C2BC61D263EA800BCCC38 /* CellData.swift in Sources */ = {isa = PBXBuildFile; fileRef = 502C2BBB1D263EA800BCCC38 /* CellData.swift */; };
		502C2BCD1D263EEC00BCCC38 /* TableSize.swift in Sources */ = {isa = PBXBuildFile; fileRef = 502C2BC91D263EEC00BCCC38 /* TableSize.swift */; };
		502C2BCE1D263EEC00BCCC38 /* Index.swift in Sources */ = {isa = PBXBuildFile; fileRef = 502C2BCA1D263EEC00BCCC38 /* Index.swift */; };
		502C2BCF1D263EEC00BCCC38 /* Coordinates.swift in Sources */ = {isa = PBXBuildFile; fileRef = 502C2BCB1D263EEC00BCCC38 /* Coordinates.swift */; };
		502C2BD01D263EEC00BCCC38 /* Direction.swift in Sources */ = {isa = PBXBuildFile; fileRef = 502C2BCC1D263EEC00BCCC38 /* Direction.swift */; };
		502C2BD31D263F2600BCCC38 /* TableFactory.swift in Sources */ = {isa = PBXBuildFile; fileRef = 502C2BD11D263F2600BCCC38 /* TableFactory.swift */; };
		502C2BD41D263F2600BCCC38 /* StreamReader.swift in Sources */ = {isa = PBXBuildFile; fileRef = 502C2BD21D263F2600BCCC38 /* StreamReader.swift */; };
		502C2BDB1D263F3A00BCCC38 /* MarkdownSerializer.swift in Sources */ = {isa = PBXBuildFile; fileRef = 502C2BD61D263F3A00BCCC38 /* MarkdownSerializer.swift */; };
		502C2BDC1D263F3A00BCCC38 /* FragmentedMarkdownRowStream.swift in Sources */ = {isa = PBXBuildFile; fileRef = 502C2BD71D263F3A00BCCC38 /* FragmentedMarkdownRowStream.swift */; };
		502C2BDD1D263F3A00BCCC38 /* NormalizeMarkdownTable.swift in Sources */ = {isa = PBXBuildFile; fileRef = 502C2BD81D263F3A00BCCC38 /* NormalizeMarkdownTable.swift */; };
		502C2BDE1D263F3A00BCCC38 /* EscapedTableRepresentation.swift in Sources */ = {isa = PBXBuildFile; fileRef = 502C2BD91D263F3A00BCCC38 /* EscapedTableRepresentation.swift */; };
		502C2BDF1D263F3A00BCCC38 /* RenderedColumnWidths.swift in Sources */ = {isa = PBXBuildFile; fileRef = 502C2BDA1D263F3A00BCCC38 /* RenderedColumnWidths.swift */; };
		502C2BE41D263F7200BCCC38 /* DefaultReflectable.swift in Sources */ = {isa = PBXBuildFile; fileRef = 502C2BE21D263F7200BCCC38 /* DefaultReflectable.swift */; };
		502C2BE51D263F7200BCCC38 /* String.swift in Sources */ = {isa = PBXBuildFile; fileRef = 502C2BE31D263F7200BCCC38 /* String.swift */; };
		502C2BE71D263FCF00BCCC38 /* IndexedElements.swift in Sources */ = {isa = PBXBuildFile; fileRef = 502C2BE61D263FCF00BCCC38 /* IndexedElements.swift */; };
		502C2BE91D263FDC00BCCC38 /* Optional.swift in Sources */ = {isa = PBXBuildFile; fileRef = 502C2BE81D263FDC00BCCC38 /* Optional.swift */; };
		502C2BEB1D26401700BCCC38 /* NewCell.swift in Sources */ = {isa = PBXBuildFile; fileRef = 502C2BEA1D26401700BCCC38 /* NewCell.swift */; };
		502C2BED1D26405D00BCCC38 /* MutableTableRepresentation.swift in Sources */ = {isa = PBXBuildFile; fileRef = 502C2BEC1D26405D00BCCC38 /* MutableTableRepresentation.swift */; };
		502C2BEF1D2640D800BCCC38 /* MultipleTables.swift in Sources */ = {isa = PBXBuildFile; fileRef = 502C2BEE1D2640D800BCCC38 /* MultipleTables.swift */; };
		502C2BF11D26413600BCCC38 /* SequenceType.swift in Sources */ = {isa = PBXBuildFile; fileRef = 502C2BF01D26413600BCCC38 /* SequenceType.swift */; };
		502C2BF31D2641E500BCCC38 /* IntegerType.swift in Sources */ = {isa = PBXBuildFile; fileRef = 502C2BF21D2641E500BCCC38 /* IntegerType.swift */; };
		502C2BF51D2641FC00BCCC38 /* CollectionType.swift in Sources */ = {isa = PBXBuildFile; fileRef = 502C2BF41D2641FC00BCCC38 /* CollectionType.swift */; };
		502C2BF71D26421400BCCC38 /* Array.swift in Sources */ = {isa = PBXBuildFile; fileRef = 502C2BF61D26421400BCCC38 /* Array.swift */; };
		502C2C021D26424E00BCCC38 /* MarkdownTableTests.swift in Sources */ = {isa = PBXBuildFile; fileRef = 502C2BF81D26424E00BCCC38 /* MarkdownTableTests.swift */; };
		502C2C031D26424E00BCCC38 /* TableSizeTests.swift in Sources */ = {isa = PBXBuildFile; fileRef = 502C2BF91D26424E00BCCC38 /* TableSizeTests.swift */; };
		502C2C041D26424E00BCCC38 /* ColumnTests.swift in Sources */ = {isa = PBXBuildFile; fileRef = 502C2BFA1D26424E00BCCC38 /* ColumnTests.swift */; };
		502C2C051D26424E00BCCC38 /* RowTests.swift in Sources */ = {isa = PBXBuildFile; fileRef = 502C2BFB1D26424E00BCCC38 /* RowTests.swift */; };
		502C2C061D26424E00BCCC38 /* RowLensTests.swift in Sources */ = {isa = PBXBuildFile; fileRef = 502C2BFC1D26424E00BCCC38 /* RowLensTests.swift */; };
		502C2C071D26424E00BCCC38 /* ColumnLensTests.swift in Sources */ = {isa = PBXBuildFile; fileRef = 502C2BFD1D26424E00BCCC38 /* ColumnLensTests.swift */; };
		502C2C081D26424E00BCCC38 /* CoordinatesTests.swift in Sources */ = {isa = PBXBuildFile; fileRef = 502C2BFE1D26424E00BCCC38 /* CoordinatesTests.swift */; };
		502C2C101D26428200BCCC38 /* TableFactoryTests.swift in Sources */ = {isa = PBXBuildFile; fileRef = 502C2C0E1D26428200BCCC38 /* TableFactoryTests.swift */; };
		502C2C111D26428200BCCC38 /* CellFactoryTests.swift in Sources */ = {isa = PBXBuildFile; fileRef = 502C2C0F1D26428200BCCC38 /* CellFactoryTests.swift */; };
		502C2C161D26428D00BCCC38 /* MarkdownSerializerTests.swift in Sources */ = {isa = PBXBuildFile; fileRef = 502C2C121D26428D00BCCC38 /* MarkdownSerializerTests.swift */; };
		502C2C171D26428D00BCCC38 /* FragmentedMarkdownRowStreamTests.swift in Sources */ = {isa = PBXBuildFile; fileRef = 502C2C131D26428D00BCCC38 /* FragmentedMarkdownRowStreamTests.swift */; };
		502C2C181D26428D00BCCC38 /* NormalizeMarkdownTableTests.swift in Sources */ = {isa = PBXBuildFile; fileRef = 502C2C141D26428D00BCCC38 /* NormalizeMarkdownTableTests.swift */; };
		502C2C191D26428D00BCCC38 /* MarkdownTableContentsFactoryTests.swift in Sources */ = {isa = PBXBuildFile; fileRef = 502C2C151D26428D00BCCC38 /* MarkdownTableContentsFactoryTests.swift */; };
		502C2C201D2642D900BCCC38 /* simple.md in Resources */ = {isa = PBXBuildFile; fileRef = 502C2C1B1D26429D00BCCC38 /* simple.md */; };
		502C2C211D2642D900BCCC38 /* multiple.md in Resources */ = {isa = PBXBuildFile; fileRef = 502C2C1C1D26429D00BCCC38 /* multiple.md */; };
		502C2C251D2642FA00BCCC38 /* ErrorHelpers.swift in Sources */ = {isa = PBXBuildFile; fileRef = 502C2C221D2642FA00BCCC38 /* ErrorHelpers.swift */; };
		502C2C261D2642FA00BCCC38 /* CocoaHelpers.swift in Sources */ = {isa = PBXBuildFile; fileRef = 502C2C231D2642FA00BCCC38 /* CocoaHelpers.swift */; };
		502C2C271D2642FA00BCCC38 /* NullMutableTable.swift in Sources */ = {isa = PBXBuildFile; fileRef = 502C2C241D2642FA00BCCC38 /* NullMutableTable.swift */; };
/* End PBXBuildFile section */

/* Begin PBXContainerItemProxy section */
		502C2B831D263E1D00BCCC38 /* PBXContainerItemProxy */ = {
			isa = PBXContainerItemProxy;
			containerPortal = 502C2B6B1D263E1D00BCCC38 /* Project object */;
			proxyType = 1;
			remoteGlobalIDString = 502C2B721D263E1D00BCCC38;
			remoteInfo = MDTableNanny;
		};
/* End PBXContainerItemProxy section */

/* Begin PBXFileReference section */
		502C2B731D263E1D00BCCC38 /* MDTableNanny.app */ = {isa = PBXFileReference; explicitFileType = wrapper.application; includeInIndex = 0; path = MDTableNanny.app; sourceTree = BUILT_PRODUCTS_DIR; };
		502C2B761D263E1D00BCCC38 /* AppDelegate.swift */ = {isa = PBXFileReference; lastKnownFileType = sourcecode.swift; path = AppDelegate.swift; sourceTree = "<group>"; };
		502C2B781D263E1D00BCCC38 /* Assets.xcassets */ = {isa = PBXFileReference; lastKnownFileType = folder.assetcatalog; path = Assets.xcassets; sourceTree = "<group>"; };
		502C2B7B1D263E1D00BCCC38 /* Base */ = {isa = PBXFileReference; lastKnownFileType = file.xib; name = Base; path = Base.lproj/MainMenu.xib; sourceTree = "<group>"; };
		502C2B7D1D263E1D00BCCC38 /* Info.plist */ = {isa = PBXFileReference; lastKnownFileType = text.plist.xml; path = Info.plist; sourceTree = "<group>"; };
		502C2B821D263E1D00BCCC38 /* MDTableNannyTests.xctest */ = {isa = PBXFileReference; explicitFileType = wrapper.cfbundle; includeInIndex = 0; path = MDTableNannyTests.xctest; sourceTree = BUILT_PRODUCTS_DIR; };
		502C2B881D263E1D00BCCC38 /* Info.plist */ = {isa = PBXFileReference; lastKnownFileType = text.plist.xml; path = Info.plist; sourceTree = "<group>"; };
		502C2B911D263E4400BCCC38 /* MarkdownImporterTests.swift */ = {isa = PBXFileReference; fileEncoding = 4; lastKnownFileType = sourcecode.swift; path = MarkdownImporterTests.swift; sourceTree = "<group>"; };
		502C2B921D263E4400BCCC38 /* MarkdownTokenizerTests.swift */ = {isa = PBXFileReference; fileEncoding = 4; lastKnownFileType = sourcecode.swift; path = MarkdownTokenizerTests.swift; sourceTree = "<group>"; };
		502C2B931D263E4400BCCC38 /* MarkdownParserTests.swift */ = {isa = PBXFileReference; fileEncoding = 4; lastKnownFileType = sourcecode.swift; path = MarkdownParserTests.swift; sourceTree = "<group>"; };
		502C2B971D263E6D00BCCC38 /* MarkdownImporter.swift */ = {isa = PBXFileReference; fileEncoding = 4; lastKnownFileType = sourcecode.swift; path = MarkdownImporter.swift; sourceTree = "<group>"; };
		502C2B981D263E6D00BCCC38 /* MarkdownParser.swift */ = {isa = PBXFileReference; fileEncoding = 4; lastKnownFileType = sourcecode.swift; path = MarkdownParser.swift; sourceTree = "<group>"; };
		502C2B991D263E6D00BCCC38 /* MarkdownTokenizer.swift */ = {isa = PBXFileReference; fileEncoding = 4; lastKnownFileType = sourcecode.swift; path = MarkdownTokenizer.swift; sourceTree = "<group>"; };
		502C2B9A1D263E6D00BCCC38 /* MarkdownSyntax.swift */ = {isa = PBXFileReference; fileEncoding = 4; lastKnownFileType = sourcecode.swift; path = MarkdownSyntax.swift; sourceTree = "<group>"; };
		502C2B9B1D263E6D00BCCC38 /* MarkdownTableContents.swift */ = {isa = PBXFileReference; fileEncoding = 4; lastKnownFileType = sourcecode.swift; path = MarkdownTableContents.swift; sourceTree = "<group>"; };
		502C2B9C1D263E6D00BCCC38 /* MarkdownTableVariant+Parsing.swift */ = {isa = PBXFileReference; fileEncoding = 4; lastKnownFileType = sourcecode.swift; path = "MarkdownTableVariant+Parsing.swift"; sourceTree = "<group>"; };
		502C2BA51D263E8700BCCC38 /* MarkdownContents.swift */ = {isa = PBXFileReference; fileEncoding = 4; lastKnownFileType = sourcecode.swift; path = MarkdownContents.swift; sourceTree = "<group>"; };
		502C2BA61D263E8700BCCC38 /* MarkdownTable.swift */ = {isa = PBXFileReference; fileEncoding = 4; lastKnownFileType = sourcecode.swift; path = MarkdownTable.swift; sourceTree = "<group>"; };
		502C2BA71D263E8700BCCC38 /* MarkdownTableVariant.swift */ = {isa = PBXFileReference; fileEncoding = 4; lastKnownFileType = sourcecode.swift; path = MarkdownTableVariant.swift; sourceTree = "<group>"; };
		502C2BAC1D263E9C00BCCC38 /* TableRepresentation.swift */ = {isa = PBXFileReference; fileEncoding = 4; lastKnownFileType = sourcecode.swift; path = TableRepresentation.swift; sourceTree = "<group>"; };
		502C2BB11D263EA800BCCC38 /* TableData.swift */ = {isa = PBXFileReference; fileEncoding = 4; lastKnownFileType = sourcecode.swift; path = TableData.swift; sourceTree = "<group>"; };
		502C2BB21D263EA800BCCC38 /* ColumnInformation.swift */ = {isa = PBXFileReference; fileEncoding = 4; lastKnownFileType = sourcecode.swift; path = ColumnInformation.swift; sourceTree = "<group>"; };
		502C2BB31D263EA800BCCC38 /* ColumnData.swift */ = {isa = PBXFileReference; fileEncoding = 4; lastKnownFileType = sourcecode.swift; path = ColumnData.swift; sourceTree = "<group>"; };
		502C2BB41D263EA800BCCC38 /* ColumnLens.swift */ = {isa = PBXFileReference; fileEncoding = 4; lastKnownFileType = sourcecode.swift; path = ColumnLens.swift; sourceTree = "<group>"; };
		502C2BB51D263EA800BCCC38 /* Column.swift */ = {isa = PBXFileReference; fileEncoding = 4; lastKnownFileType = sourcecode.swift; path = Column.swift; sourceTree = "<group>"; };
		502C2BB61D263EA800BCCC38 /* ColumnContents.swift */ = {isa = PBXFileReference; fileEncoding = 4; lastKnownFileType = sourcecode.swift; path = ColumnContents.swift; sourceTree = "<group>"; };
		502C2BB71D263EA800BCCC38 /* RowLens.swift */ = {isa = PBXFileReference; fileEncoding = 4; lastKnownFileType = sourcecode.swift; path = RowLens.swift; sourceTree = "<group>"; };
		502C2BB81D263EA800BCCC38 /* Row.swift */ = {isa = PBXFileReference; fileEncoding = 4; lastKnownFileType = sourcecode.swift; path = Row.swift; sourceTree = "<group>"; };
		502C2BB91D263EA800BCCC38 /* RowContents.swift */ = {isa = PBXFileReference; fileEncoding = 4; lastKnownFileType = sourcecode.swift; path = RowContents.swift; sourceTree = "<group>"; };
		502C2BBA1D263EA800BCCC38 /* Cell.swift */ = {isa = PBXFileReference; fileEncoding = 4; lastKnownFileType = sourcecode.swift; path = Cell.swift; sourceTree = "<group>"; };
		502C2BBB1D263EA800BCCC38 /* CellData.swift */ = {isa = PBXFileReference; fileEncoding = 4; lastKnownFileType = sourcecode.swift; path = CellData.swift; sourceTree = "<group>"; };
		502C2BC91D263EEC00BCCC38 /* TableSize.swift */ = {isa = PBXFileReference; fileEncoding = 4; lastKnownFileType = sourcecode.swift; path = TableSize.swift; sourceTree = "<group>"; };
		502C2BCA1D263EEC00BCCC38 /* Index.swift */ = {isa = PBXFileReference; fileEncoding = 4; lastKnownFileType = sourcecode.swift; path = Index.swift; sourceTree = "<group>"; };
		502C2BCB1D263EEC00BCCC38 /* Coordinates.swift */ = {isa = PBXFileReference; fileEncoding = 4; lastKnownFileType = sourcecode.swift; path = Coordinates.swift; sourceTree = "<group>"; };
		502C2BCC1D263EEC00BCCC38 /* Direction.swift */ = {isa = PBXFileReference; fileEncoding = 4; lastKnownFileType = sourcecode.swift; path = Direction.swift; sourceTree = "<group>"; };
		502C2BD11D263F2600BCCC38 /* TableFactory.swift */ = {isa = PBXFileReference; fileEncoding = 4; lastKnownFileType = sourcecode.swift; path = TableFactory.swift; sourceTree = "<group>"; };
		502C2BD21D263F2600BCCC38 /* StreamReader.swift */ = {isa = PBXFileReference; fileEncoding = 4; lastKnownFileType = sourcecode.swift; path = StreamReader.swift; sourceTree = "<group>"; };
		502C2BD61D263F3A00BCCC38 /* MarkdownSerializer.swift */ = {isa = PBXFileReference; fileEncoding = 4; lastKnownFileType = sourcecode.swift; path = MarkdownSerializer.swift; sourceTree = "<group>"; };
		502C2BD71D263F3A00BCCC38 /* FragmentedMarkdownRowStream.swift */ = {isa = PBXFileReference; fileEncoding = 4; lastKnownFileType = sourcecode.swift; path = FragmentedMarkdownRowStream.swift; sourceTree = "<group>"; };
		502C2BD81D263F3A00BCCC38 /* NormalizeMarkdownTable.swift */ = {isa = PBXFileReference; fileEncoding = 4; lastKnownFileType = sourcecode.swift; path = NormalizeMarkdownTable.swift; sourceTree = "<group>"; };
		502C2BD91D263F3A00BCCC38 /* EscapedTableRepresentation.swift */ = {isa = PBXFileReference; fileEncoding = 4; lastKnownFileType = sourcecode.swift; path = EscapedTableRepresentation.swift; sourceTree = "<group>"; };
		502C2BDA1D263F3A00BCCC38 /* RenderedColumnWidths.swift */ = {isa = PBXFileReference; fileEncoding = 4; lastKnownFileType = sourcecode.swift; path = RenderedColumnWidths.swift; sourceTree = "<group>"; };
		502C2BE21D263F7200BCCC38 /* DefaultReflectable.swift */ = {isa = PBXFileReference; fileEncoding = 4; lastKnownFileType = sourcecode.swift; path = DefaultReflectable.swift; sourceTree = "<group>"; };
		502C2BE31D263F7200BCCC38 /* String.swift */ = {isa = PBXFileReference; fileEncoding = 4; lastKnownFileType = sourcecode.swift; path = String.swift; sourceTree = "<group>"; };
		502C2BE61D263FCF00BCCC38 /* IndexedElements.swift */ = {isa = PBXFileReference; fileEncoding = 4; lastKnownFileType = sourcecode.swift; path = IndexedElements.swift; sourceTree = "<group>"; };
		502C2BE81D263FDC00BCCC38 /* Optional.swift */ = {isa = PBXFileReference; fileEncoding = 4; lastKnownFileType = sourcecode.swift; path = Optional.swift; sourceTree = "<group>"; };
		502C2BEA1D26401700BCCC38 /* NewCell.swift */ = {isa = PBXFileReference; fileEncoding = 4; lastKnownFileType = sourcecode.swift; path = NewCell.swift; sourceTree = "<group>"; };
		502C2BEC1D26405D00BCCC38 /* MutableTableRepresentation.swift */ = {isa = PBXFileReference; fileEncoding = 4; lastKnownFileType = sourcecode.swift; path = MutableTableRepresentation.swift; sourceTree = "<group>"; };
		502C2BEE1D2640D800BCCC38 /* MultipleTables.swift */ = {isa = PBXFileReference; fileEncoding = 4; lastKnownFileType = sourcecode.swift; path = MultipleTables.swift; sourceTree = "<group>"; };
		502C2BF01D26413600BCCC38 /* SequenceType.swift */ = {isa = PBXFileReference; fileEncoding = 4; lastKnownFileType = sourcecode.swift; path = SequenceType.swift; sourceTree = "<group>"; };
		502C2BF21D2641E500BCCC38 /* IntegerType.swift */ = {isa = PBXFileReference; fileEncoding = 4; lastKnownFileType = sourcecode.swift; path = IntegerType.swift; sourceTree = "<group>"; };
		502C2BF41D2641FC00BCCC38 /* CollectionType.swift */ = {isa = PBXFileReference; fileEncoding = 4; lastKnownFileType = sourcecode.swift; path = CollectionType.swift; sourceTree = "<group>"; };
		502C2BF61D26421400BCCC38 /* Array.swift */ = {isa = PBXFileReference; fileEncoding = 4; lastKnownFileType = sourcecode.swift; path = Array.swift; sourceTree = "<group>"; };
		502C2BF81D26424E00BCCC38 /* MarkdownTableTests.swift */ = {isa = PBXFileReference; fileEncoding = 4; lastKnownFileType = sourcecode.swift; path = MarkdownTableTests.swift; sourceTree = "<group>"; };
		502C2BF91D26424E00BCCC38 /* TableSizeTests.swift */ = {isa = PBXFileReference; fileEncoding = 4; lastKnownFileType = sourcecode.swift; path = TableSizeTests.swift; sourceTree = "<group>"; };
		502C2BFA1D26424E00BCCC38 /* ColumnTests.swift */ = {isa = PBXFileReference; fileEncoding = 4; lastKnownFileType = sourcecode.swift; path = ColumnTests.swift; sourceTree = "<group>"; };
		502C2BFB1D26424E00BCCC38 /* RowTests.swift */ = {isa = PBXFileReference; fileEncoding = 4; lastKnownFileType = sourcecode.swift; path = RowTests.swift; sourceTree = "<group>"; };
		502C2BFC1D26424E00BCCC38 /* RowLensTests.swift */ = {isa = PBXFileReference; fileEncoding = 4; lastKnownFileType = sourcecode.swift; path = RowLensTests.swift; sourceTree = "<group>"; };
		502C2BFD1D26424E00BCCC38 /* ColumnLensTests.swift */ = {isa = PBXFileReference; fileEncoding = 4; lastKnownFileType = sourcecode.swift; path = ColumnLensTests.swift; sourceTree = "<group>"; };
		502C2BFE1D26424E00BCCC38 /* CoordinatesTests.swift */ = {isa = PBXFileReference; fileEncoding = 4; lastKnownFileType = sourcecode.swift; path = CoordinatesTests.swift; sourceTree = "<group>"; };
		502C2C0E1D26428200BCCC38 /* TableFactoryTests.swift */ = {isa = PBXFileReference; fileEncoding = 4; lastKnownFileType = sourcecode.swift; path = TableFactoryTests.swift; sourceTree = "<group>"; };
		502C2C0F1D26428200BCCC38 /* CellFactoryTests.swift */ = {isa = PBXFileReference; fileEncoding = 4; lastKnownFileType = sourcecode.swift; path = CellFactoryTests.swift; sourceTree = "<group>"; };
		502C2C121D26428D00BCCC38 /* MarkdownSerializerTests.swift */ = {isa = PBXFileReference; fileEncoding = 4; lastKnownFileType = sourcecode.swift; path = MarkdownSerializerTests.swift; sourceTree = "<group>"; };
		502C2C131D26428D00BCCC38 /* FragmentedMarkdownRowStreamTests.swift */ = {isa = PBXFileReference; fileEncoding = 4; lastKnownFileType = sourcecode.swift; path = FragmentedMarkdownRowStreamTests.swift; sourceTree = "<group>"; };
		502C2C141D26428D00BCCC38 /* NormalizeMarkdownTableTests.swift */ = {isa = PBXFileReference; fileEncoding = 4; lastKnownFileType = sourcecode.swift; path = NormalizeMarkdownTableTests.swift; sourceTree = "<group>"; };
		502C2C151D26428D00BCCC38 /* MarkdownTableContentsFactoryTests.swift */ = {isa = PBXFileReference; fileEncoding = 4; lastKnownFileType = sourcecode.swift; path = MarkdownTableContentsFactoryTests.swift; sourceTree = "<group>"; };
		502C2C1B1D26429D00BCCC38 /* simple.md */ = {isa = PBXFileReference; fileEncoding = 4; lastKnownFileType = net.daringfireball.markdown; path = simple.md; sourceTree = "<group>"; };
		502C2C1C1D26429D00BCCC38 /* multiple.md */ = {isa = PBXFileReference; fileEncoding = 4; lastKnownFileType = net.daringfireball.markdown; path = multiple.md; sourceTree = "<group>"; };
		502C2C221D2642FA00BCCC38 /* ErrorHelpers.swift */ = {isa = PBXFileReference; fileEncoding = 4; lastKnownFileType = sourcecode.swift; path = ErrorHelpers.swift; sourceTree = "<group>"; };
		502C2C231D2642FA00BCCC38 /* CocoaHelpers.swift */ = {isa = PBXFileReference; fileEncoding = 4; lastKnownFileType = sourcecode.swift; path = CocoaHelpers.swift; sourceTree = "<group>"; };
		502C2C241D2642FA00BCCC38 /* NullMutableTable.swift */ = {isa = PBXFileReference; fileEncoding = 4; lastKnownFileType = sourcecode.swift; path = NullMutableTable.swift; sourceTree = "<group>"; };
/* End PBXFileReference section */

/* Begin PBXFrameworksBuildPhase section */
		502C2B701D263E1D00BCCC38 /* Frameworks */ = {
			isa = PBXFrameworksBuildPhase;
			buildActionMask = 2147483647;
			files = (
			);
			runOnlyForDeploymentPostprocessing = 0;
		};
		502C2B7F1D263E1D00BCCC38 /* Frameworks */ = {
			isa = PBXFrameworksBuildPhase;
			buildActionMask = 2147483647;
			files = (
			);
			runOnlyForDeploymentPostprocessing = 0;
		};
/* End PBXFrameworksBuildPhase section */

/* Begin PBXGroup section */
		502C2B6A1D263E1D00BCCC38 = {
			isa = PBXGroup;
			children = (
				502C2B751D263E1D00BCCC38 /* MDTableNanny */,
				502C2B851D263E1D00BCCC38 /* MDTableNannyTests */,
				502C2B741D263E1D00BCCC38 /* Products */,
			);
			sourceTree = "<group>";
		};
		502C2B741D263E1D00BCCC38 /* Products */ = {
			isa = PBXGroup;
			children = (
				502C2B731D263E1D00BCCC38 /* MDTableNanny.app */,
				502C2B821D263E1D00BCCC38 /* MDTableNannyTests.xctest */,
			);
			name = Products;
			sourceTree = "<group>";
		};
		502C2B751D263E1D00BCCC38 /* MDTableNanny */ = {
			isa = PBXGroup;
			children = (
				502C2B761D263E1D00BCCC38 /* AppDelegate.swift */,
				502C2BA41D263E7A00BCCC38 /* Model */,
				502C2BA31D263E7100BCCC38 /* Service */,
				502C2B781D263E1D00BCCC38 /* Assets.xcassets */,
				502C2B7A1D263E1D00BCCC38 /* MainMenu.xib */,
				502C2B7D1D263E1D00BCCC38 /* Info.plist */,
				502C2BE11D263F6300BCCC38 /* Util */,
			);
			path = MDTableNanny;
			sourceTree = "<group>";
		};
		502C2B851D263E1D00BCCC38 /* MDTableNannyTests */ = {
			isa = PBXGroup;
			children = (
				502C2C0D1D26425900BCCC38 /* Model */,
				502C2C0C1D26425300BCCC38 /* Service */,
				502C2C221D2642FA00BCCC38 /* ErrorHelpers.swift */,
				502C2C231D2642FA00BCCC38 /* CocoaHelpers.swift */,
				502C2C241D2642FA00BCCC38 /* NullMutableTable.swift */,
				502C2B881D263E1D00BCCC38 /* Info.plist */,
			);
			path = MDTableNannyTests;
			sourceTree = "<group>";
		};
		502C2BA31D263E7100BCCC38 /* Service */ = {
			isa = PBXGroup;
			children = (
				502C2BD11D263F2600BCCC38 /* TableFactory.swift */,
				502C2BD21D263F2600BCCC38 /* StreamReader.swift */,
				502C2BD51D263F2B00BCCC38 /* Import */,
				502C2BE01D263F3E00BCCC38 /* Export */,
			);
			name = Service;
			sourceTree = "<group>";
		};
		502C2BA41D263E7A00BCCC38 /* Model */ = {
			isa = PBXGroup;
			children = (
				502C2BAC1D263E9C00BCCC38 /* TableRepresentation.swift */,
				502C2BEC1D26405D00BCCC38 /* MutableTableRepresentation.swift */,
				502C2BEE1D2640D800BCCC38 /* MultipleTables.swift */,
				502C2BC91D263EEC00BCCC38 /* TableSize.swift */,
				502C2BCA1D263EEC00BCCC38 /* Index.swift */,
				502C2BCB1D263EEC00BCCC38 /* Coordinates.swift */,
				502C2BCC1D263EEC00BCCC38 /* Direction.swift */,
				502C2BC81D263EB400BCCC38 /* Markdown Table */,
				502C2BC71D263EAD00BCCC38 /* Contents */,
			);
			name = Model;
			sourceTree = "<group>";
		};
		502C2BC71D263EAD00BCCC38 /* Contents */ = {
			isa = PBXGroup;
			children = (
				502C2BB11D263EA800BCCC38 /* TableData.swift */,
				502C2BB21D263EA800BCCC38 /* ColumnInformation.swift */,
				502C2BB31D263EA800BCCC38 /* ColumnData.swift */,
				502C2BB41D263EA800BCCC38 /* ColumnLens.swift */,
				502C2BB51D263EA800BCCC38 /* Column.swift */,
				502C2BB61D263EA800BCCC38 /* ColumnContents.swift */,
				502C2BB71D263EA800BCCC38 /* RowLens.swift */,
				502C2BB81D263EA800BCCC38 /* Row.swift */,
				502C2BB91D263EA800BCCC38 /* RowContents.swift */,
				502C2BBA1D263EA800BCCC38 /* Cell.swift */,
				502C2BBB1D263EA800BCCC38 /* CellData.swift */,
				502C2BEA1D26401700BCCC38 /* NewCell.swift */,
			);
			name = Contents;
			sourceTree = "<group>";
		};
		502C2BC81D263EB400BCCC38 /* Markdown Table */ = {
			isa = PBXGroup;
			children = (
				502C2BA51D263E8700BCCC38 /* MarkdownContents.swift */,
				502C2BA61D263E8700BCCC38 /* MarkdownTable.swift */,
				502C2BA71D263E8700BCCC38 /* MarkdownTableVariant.swift */,
			);
			name = "Markdown Table";
			sourceTree = "<group>";
		};
		502C2BD51D263F2B00BCCC38 /* Import */ = {
			isa = PBXGroup;
			children = (
				502C2B971D263E6D00BCCC38 /* MarkdownImporter.swift */,
				502C2B981D263E6D00BCCC38 /* MarkdownParser.swift */,
				502C2B991D263E6D00BCCC38 /* MarkdownTokenizer.swift */,
				502C2B9A1D263E6D00BCCC38 /* MarkdownSyntax.swift */,
				502C2B9B1D263E6D00BCCC38 /* MarkdownTableContents.swift */,
				502C2B9C1D263E6D00BCCC38 /* MarkdownTableVariant+Parsing.swift */,
			);
			name = Import;
			sourceTree = "<group>";
		};
		502C2BE01D263F3E00BCCC38 /* Export */ = {
			isa = PBXGroup;
			children = (
				502C2BD61D263F3A00BCCC38 /* MarkdownSerializer.swift */,
				502C2BD71D263F3A00BCCC38 /* FragmentedMarkdownRowStream.swift */,
				502C2BD81D263F3A00BCCC38 /* NormalizeMarkdownTable.swift */,
				502C2BD91D263F3A00BCCC38 /* EscapedTableRepresentation.swift */,
				502C2BDA1D263F3A00BCCC38 /* RenderedColumnWidths.swift */,
			);
			name = Export;
			sourceTree = "<group>";
		};
		502C2BE11D263F6300BCCC38 /* Util */ = {
			isa = PBXGroup;
			children = (
				502C2BE81D263FDC00BCCC38 /* Optional.swift */,
				502C2BF21D2641E500BCCC38 /* IntegerType.swift */,
				502C2BE31D263F7200BCCC38 /* String.swift */,
				502C2BF41D2641FC00BCCC38 /* CollectionType.swift */,
				502C2BF61D26421400BCCC38 /* Array.swift */,
				502C2BF01D26413600BCCC38 /* SequenceType.swift */,
				502C2BE21D263F7200BCCC38 /* DefaultReflectable.swift */,
				502C2BE61D263FCF00BCCC38 /* IndexedElements.swift */,
			);
			name = Util;
			sourceTree = "<group>";
		};
		502C2C0C1D26425300BCCC38 /* Service */ = {
			isa = PBXGroup;
			children = (
				502C2C0E1D26428200BCCC38 /* TableFactoryTests.swift */,
				502C2C0F1D26428200BCCC38 /* CellFactoryTests.swift */,
				502C2B911D263E4400BCCC38 /* MarkdownImporterTests.swift */,
				502C2B921D263E4400BCCC38 /* MarkdownTokenizerTests.swift */,
				502C2B931D263E4400BCCC38 /* MarkdownParserTests.swift */,
				502C2C121D26428D00BCCC38 /* MarkdownSerializerTests.swift */,
				502C2C131D26428D00BCCC38 /* FragmentedMarkdownRowStreamTests.swift */,
				502C2C141D26428D00BCCC38 /* NormalizeMarkdownTableTests.swift */,
				502C2C151D26428D00BCCC38 /* MarkdownTableContentsFactoryTests.swift */,
				502C2C1B1D26429D00BCCC38 /* simple.md */,
				502C2C1C1D26429D00BCCC38 /* multiple.md */,
			);
			name = Service;
			sourceTree = "<group>";
		};
		502C2C0D1D26425900BCCC38 /* Model */ = {
			isa = PBXGroup;
			children = (
				502C2BF81D26424E00BCCC38 /* MarkdownTableTests.swift */,
				502C2BF91D26424E00BCCC38 /* TableSizeTests.swift */,
				502C2BFA1D26424E00BCCC38 /* ColumnTests.swift */,
				502C2BFB1D26424E00BCCC38 /* RowTests.swift */,
				502C2BFC1D26424E00BCCC38 /* RowLensTests.swift */,
				502C2BFD1D26424E00BCCC38 /* ColumnLensTests.swift */,
				502C2BFE1D26424E00BCCC38 /* CoordinatesTests.swift */,
			);
			name = Model;
			sourceTree = "<group>";
		};
/* End PBXGroup section */

/* Begin PBXNativeTarget section */
		502C2B721D263E1D00BCCC38 /* MDTableNanny */ = {
			isa = PBXNativeTarget;
			buildConfigurationList = 502C2B8B1D263E1D00BCCC38 /* Build configuration list for PBXNativeTarget "MDTableNanny" */;
			buildPhases = (
				502C2B6F1D263E1D00BCCC38 /* Sources */,
				502C2B701D263E1D00BCCC38 /* Frameworks */,
				502C2B711D263E1D00BCCC38 /* Resources */,
			);
			buildRules = (
			);
			dependencies = (
			);
			name = MDTableNanny;
			productName = MDTableNanny;
			productReference = 502C2B731D263E1D00BCCC38 /* MDTableNanny.app */;
			productType = "com.apple.product-type.application";
		};
		502C2B811D263E1D00BCCC38 /* MDTableNannyTests */ = {
			isa = PBXNativeTarget;
			buildConfigurationList = 502C2B8E1D263E1D00BCCC38 /* Build configuration list for PBXNativeTarget "MDTableNannyTests" */;
			buildPhases = (
				502C2B7E1D263E1D00BCCC38 /* Sources */,
				502C2B7F1D263E1D00BCCC38 /* Frameworks */,
				502C2B801D263E1D00BCCC38 /* Resources */,
			);
			buildRules = (
			);
			dependencies = (
				502C2B841D263E1D00BCCC38 /* PBXTargetDependency */,
			);
			name = MDTableNannyTests;
			productName = MDTableNannyTests;
			productReference = 502C2B821D263E1D00BCCC38 /* MDTableNannyTests.xctest */;
			productType = "com.apple.product-type.bundle.unit-test";
		};
/* End PBXNativeTarget section */

/* Begin PBXProject section */
		502C2B6B1D263E1D00BCCC38 /* Project object */ = {
			isa = PBXProject;
			attributes = {
				LastSwiftUpdateCheck = 0730;
				LastUpgradeCheck = 0730;
				ORGANIZATIONNAME = "Christian Tietze";
				TargetAttributes = {
					502C2B721D263E1D00BCCC38 = {
						CreatedOnToolsVersion = 7.3.1;
						DevelopmentTeam = FRMDA3XRGC;
					};
					502C2B811D263E1D00BCCC38 = {
						CreatedOnToolsVersion = 7.3.1;
						TestTargetID = 502C2B721D263E1D00BCCC38;
					};
				};
			};
			buildConfigurationList = 502C2B6E1D263E1D00BCCC38 /* Build configuration list for PBXProject "MDTableNanny" */;
			compatibilityVersion = "Xcode 3.2";
			developmentRegion = English;
			hasScannedForEncodings = 0;
			knownRegions = (
				en,
				Base,
			);
			mainGroup = 502C2B6A1D263E1D00BCCC38;
			productRefGroup = 502C2B741D263E1D00BCCC38 /* Products */;
			projectDirPath = "";
			projectRoot = "";
			targets = (
				502C2B721D263E1D00BCCC38 /* MDTableNanny */,
				502C2B811D263E1D00BCCC38 /* MDTableNannyTests */,
			);
		};
/* End PBXProject section */

/* Begin PBXResourcesBuildPhase section */
		502C2B711D263E1D00BCCC38 /* Resources */ = {
			isa = PBXResourcesBuildPhase;
			buildActionMask = 2147483647;
			files = (
				502C2B791D263E1D00BCCC38 /* Assets.xcassets in Resources */,
				502C2B7C1D263E1D00BCCC38 /* MainMenu.xib in Resources */,
			);
			runOnlyForDeploymentPostprocessing = 0;
		};
		502C2B801D263E1D00BCCC38 /* Resources */ = {
			isa = PBXResourcesBuildPhase;
			buildActionMask = 2147483647;
			files = (
				502C2C201D2642D900BCCC38 /* simple.md in Resources */,
				502C2C211D2642D900BCCC38 /* multiple.md in Resources */,
			);
			runOnlyForDeploymentPostprocessing = 0;
		};
/* End PBXResourcesBuildPhase section */

/* Begin PBXSourcesBuildPhase section */
		502C2B6F1D263E1D00BCCC38 /* Sources */ = {
			isa = PBXSourcesBuildPhase;
			buildActionMask = 2147483647;
			files = (
				502C2BED1D26405D00BCCC38 /* MutableTableRepresentation.swift in Sources */,
				502C2B9F1D263E6D00BCCC38 /* MarkdownTokenizer.swift in Sources */,
				502C2BC51D263EA800BCCC38 /* Cell.swift in Sources */,
				502C2BA21D263E6D00BCCC38 /* MarkdownTableVariant+Parsing.swift in Sources */,
				502C2BBE1D263EA800BCCC38 /* ColumnData.swift in Sources */,
				502C2BA81D263E8700BCCC38 /* MarkdownContents.swift in Sources */,
				502C2BCD1D263EEC00BCCC38 /* TableSize.swift in Sources */,
				502C2BDC1D263F3A00BCCC38 /* FragmentedMarkdownRowStream.swift in Sources */,
				502C2BBD1D263EA800BCCC38 /* ColumnInformation.swift in Sources */,
				502C2BC21D263EA800BCCC38 /* RowLens.swift in Sources */,
				502C2BE41D263F7200BCCC38 /* DefaultReflectable.swift in Sources */,
				502C2BEB1D26401700BCCC38 /* NewCell.swift in Sources */,
				502C2BDB1D263F3A00BCCC38 /* MarkdownSerializer.swift in Sources */,
				502C2BBC1D263EA800BCCC38 /* TableData.swift in Sources */,
				502C2BCF1D263EEC00BCCC38 /* Coordinates.swift in Sources */,
				502C2BCE1D263EEC00BCCC38 /* Index.swift in Sources */,
				502C2BAF1D263E9C00BCCC38 /* TableRepresentation.swift in Sources */,
				502C2B9D1D263E6D00BCCC38 /* MarkdownImporter.swift in Sources */,
				502C2BC61D263EA800BCCC38 /* CellData.swift in Sources */,
				502C2BE91D263FDC00BCCC38 /* Optional.swift in Sources */,
				502C2BBF1D263EA800BCCC38 /* ColumnLens.swift in Sources */,
				502C2BA01D263E6D00BCCC38 /* MarkdownSyntax.swift in Sources */,
				502C2BC01D263EA800BCCC38 /* Column.swift in Sources */,
				502C2BDD1D263F3A00BCCC38 /* NormalizeMarkdownTable.swift in Sources */,
				502C2BDE1D263F3A00BCCC38 /* EscapedTableRepresentation.swift in Sources */,
				502C2BF51D2641FC00BCCC38 /* CollectionType.swift in Sources */,
				502C2BAA1D263E8700BCCC38 /* MarkdownTableVariant.swift in Sources */,
				502C2BF11D26413600BCCC38 /* SequenceType.swift in Sources */,
				502C2BA11D263E6D00BCCC38 /* MarkdownTableContents.swift in Sources */,
				502C2B771D263E1D00BCCC38 /* AppDelegate.swift in Sources */,
				502C2BD41D263F2600BCCC38 /* StreamReader.swift in Sources */,
				502C2BC11D263EA800BCCC38 /* ColumnContents.swift in Sources */,
				502C2B9E1D263E6D00BCCC38 /* MarkdownParser.swift in Sources */,
				502C2BA91D263E8700BCCC38 /* MarkdownTable.swift in Sources */,
				502C2BC31D263EA800BCCC38 /* Row.swift in Sources */,
				502C2BEF1D2640D800BCCC38 /* MultipleTables.swift in Sources */,
				502C2BF71D26421400BCCC38 /* Array.swift in Sources */,
				502C2BE51D263F7200BCCC38 /* String.swift in Sources */,
				502C2BDF1D263F3A00BCCC38 /* RenderedColumnWidths.swift in Sources */,
				502C2BE71D263FCF00BCCC38 /* IndexedElements.swift in Sources */,
				502C2BC41D263EA800BCCC38 /* RowContents.swift in Sources */,
				502C2BD31D263F2600BCCC38 /* TableFactory.swift in Sources */,
				502C2BF31D2641E500BCCC38 /* IntegerType.swift in Sources */,
				502C2BD01D263EEC00BCCC38 /* Direction.swift in Sources */,
			);
			runOnlyForDeploymentPostprocessing = 0;
		};
		502C2B7E1D263E1D00BCCC38 /* Sources */ = {
			isa = PBXSourcesBuildPhase;
			buildActionMask = 2147483647;
			files = (
				502C2C111D26428200BCCC38 /* CellFactoryTests.swift in Sources */,
				502C2C271D2642FA00BCCC38 /* NullMutableTable.swift in Sources */,
				502C2C261D2642FA00BCCC38 /* CocoaHelpers.swift in Sources */,
				502C2B941D263E4400BCCC38 /* MarkdownImporterTests.swift in Sources */,
				502C2C031D26424E00BCCC38 /* TableSizeTests.swift in Sources */,
				502C2C061D26424E00BCCC38 /* RowLensTests.swift in Sources */,
				502C2C071D26424E00BCCC38 /* ColumnLensTests.swift in Sources */,
				502C2B951D263E4400BCCC38 /* MarkdownTokenizerTests.swift in Sources */,
				502C2C191D26428D00BCCC38 /* MarkdownTableContentsFactoryTests.swift in Sources */,
				502C2C051D26424E00BCCC38 /* RowTests.swift in Sources */,
				502C2C041D26424E00BCCC38 /* ColumnTests.swift in Sources */,
				502C2C251D2642FA00BCCC38 /* ErrorHelpers.swift in Sources */,
				502C2C021D26424E00BCCC38 /* MarkdownTableTests.swift in Sources */,
				502C2B961D263E4400BCCC38 /* MarkdownParserTests.swift in Sources */,
				502C2C181D26428D00BCCC38 /* NormalizeMarkdownTableTests.swift in Sources */,
				502C2C101D26428200BCCC38 /* TableFactoryTests.swift in Sources */,
				502C2C161D26428D00BCCC38 /* MarkdownSerializerTests.swift in Sources */,
				502C2C171D26428D00BCCC38 /* FragmentedMarkdownRowStreamTests.swift in Sources */,
				502C2C081D26424E00BCCC38 /* CoordinatesTests.swift in Sources */,
			);
			runOnlyForDeploymentPostprocessing = 0;
		};
/* End PBXSourcesBuildPhase section */

/* Begin PBXTargetDependency section */
		502C2B841D263E1D00BCCC38 /* PBXTargetDependency */ = {
			isa = PBXTargetDependency;
			target = 502C2B721D263E1D00BCCC38 /* MDTableNanny */;
			targetProxy = 502C2B831D263E1D00BCCC38 /* PBXContainerItemProxy */;
		};
/* End PBXTargetDependency section */

/* Begin PBXVariantGroup section */
		502C2B7A1D263E1D00BCCC38 /* MainMenu.xib */ = {
			isa = PBXVariantGroup;
			children = (
				502C2B7B1D263E1D00BCCC38 /* Base */,
			);
			name = MainMenu.xib;
			sourceTree = "<group>";
		};
/* End PBXVariantGroup section */

/* Begin XCBuildConfiguration section */
		502C2B891D263E1D00BCCC38 /* Debug */ = {
			isa = XCBuildConfiguration;
			buildSettings = {
				ALWAYS_SEARCH_USER_PATHS = NO;
				CLANG_ANALYZER_NONNULL = YES;
				CLANG_CXX_LANGUAGE_STANDARD = "gnu++0x";
				CLANG_CXX_LIBRARY = "libc++";
				CLANG_ENABLE_MODULES = YES;
				CLANG_ENABLE_OBJC_ARC = YES;
				CLANG_WARN_BOOL_CONVERSION = YES;
				CLANG_WARN_CONSTANT_CONVERSION = YES;
				CLANG_WARN_DIRECT_OBJC_ISA_USAGE = YES_ERROR;
				CLANG_WARN_EMPTY_BODY = YES;
				CLANG_WARN_ENUM_CONVERSION = YES;
				CLANG_WARN_INT_CONVERSION = YES;
				CLANG_WARN_OBJC_ROOT_CLASS = YES_ERROR;
				CLANG_WARN_UNREACHABLE_CODE = YES;
				CLANG_WARN__DUPLICATE_METHOD_MATCH = YES;
				CODE_SIGN_IDENTITY = "-";
				COPY_PHASE_STRIP = NO;
				DEBUG_INFORMATION_FORMAT = dwarf;
				ENABLE_STRICT_OBJC_MSGSEND = YES;
				ENABLE_TESTABILITY = YES;
				GCC_C_LANGUAGE_STANDARD = gnu99;
				GCC_DYNAMIC_NO_PIC = NO;
				GCC_NO_COMMON_BLOCKS = YES;
				GCC_OPTIMIZATION_LEVEL = 0;
				GCC_PREPROCESSOR_DEFINITIONS = (
					"DEBUG=1",
					"$(inherited)",
				);
				GCC_WARN_64_TO_32_BIT_CONVERSION = YES;
				GCC_WARN_ABOUT_RETURN_TYPE = YES_ERROR;
				GCC_WARN_UNDECLARED_SELECTOR = YES;
				GCC_WARN_UNINITIALIZED_AUTOS = YES_AGGRESSIVE;
				GCC_WARN_UNUSED_FUNCTION = YES;
				GCC_WARN_UNUSED_VARIABLE = YES;
				MACOSX_DEPLOYMENT_TARGET = 10.11;
				MTL_ENABLE_DEBUG_INFO = YES;
				ONLY_ACTIVE_ARCH = YES;
				SDKROOT = macosx;
				SWIFT_OPTIMIZATION_LEVEL = "-Onone";
			};
			name = Debug;
		};
		502C2B8A1D263E1D00BCCC38 /* Release */ = {
			isa = XCBuildConfiguration;
			buildSettings = {
				ALWAYS_SEARCH_USER_PATHS = NO;
				CLANG_ANALYZER_NONNULL = YES;
				CLANG_CXX_LANGUAGE_STANDARD = "gnu++0x";
				CLANG_CXX_LIBRARY = "libc++";
				CLANG_ENABLE_MODULES = YES;
				CLANG_ENABLE_OBJC_ARC = YES;
				CLANG_WARN_BOOL_CONVERSION = YES;
				CLANG_WARN_CONSTANT_CONVERSION = YES;
				CLANG_WARN_DIRECT_OBJC_ISA_USAGE = YES_ERROR;
				CLANG_WARN_EMPTY_BODY = YES;
				CLANG_WARN_ENUM_CONVERSION = YES;
				CLANG_WARN_INT_CONVERSION = YES;
				CLANG_WARN_OBJC_ROOT_CLASS = YES_ERROR;
				CLANG_WARN_UNREACHABLE_CODE = YES;
				CLANG_WARN__DUPLICATE_METHOD_MATCH = YES;
				CODE_SIGN_IDENTITY = "-";
				COPY_PHASE_STRIP = NO;
				DEBUG_INFORMATION_FORMAT = "dwarf-with-dsym";
				ENABLE_NS_ASSERTIONS = NO;
				ENABLE_STRICT_OBJC_MSGSEND = YES;
				GCC_C_LANGUAGE_STANDARD = gnu99;
				GCC_NO_COMMON_BLOCKS = YES;
				GCC_WARN_64_TO_32_BIT_CONVERSION = YES;
				GCC_WARN_ABOUT_RETURN_TYPE = YES_ERROR;
				GCC_WARN_UNDECLARED_SELECTOR = YES;
				GCC_WARN_UNINITIALIZED_AUTOS = YES_AGGRESSIVE;
				GCC_WARN_UNUSED_FUNCTION = YES;
				GCC_WARN_UNUSED_VARIABLE = YES;
				MACOSX_DEPLOYMENT_TARGET = 10.11;
				MTL_ENABLE_DEBUG_INFO = NO;
				SDKROOT = macosx;
			};
			name = Release;
		};
		502C2B8C1D263E1D00BCCC38 /* Debug */ = {
			isa = XCBuildConfiguration;
			buildSettings = {
				ASSETCATALOG_COMPILER_APPICON_NAME = AppIcon;
				COMBINE_HIDPI_IMAGES = YES;
				INFOPLIST_FILE = MDTableNanny/Info.plist;
				LD_RUNPATH_SEARCH_PATHS = "$(inherited) @executable_path/../Frameworks";
				PRODUCT_BUNDLE_IDENTIFIER = de.christiantietze.MDTableNanny;
				PRODUCT_NAME = "$(TARGET_NAME)";
			};
			name = Debug;
		};
		502C2B8D1D263E1D00BCCC38 /* Release */ = {
			isa = XCBuildConfiguration;
			buildSettings = {
				ASSETCATALOG_COMPILER_APPICON_NAME = AppIcon;
				COMBINE_HIDPI_IMAGES = YES;
				INFOPLIST_FILE = MDTableNanny/Info.plist;
				LD_RUNPATH_SEARCH_PATHS = "$(inherited) @executable_path/../Frameworks";
				PRODUCT_BUNDLE_IDENTIFIER = de.christiantietze.MDTableNanny;
				PRODUCT_NAME = "$(TARGET_NAME)";
			};
			name = Release;
		};
		502C2B8F1D263E1D00BCCC38 /* Debug */ = {
			isa = XCBuildConfiguration;
			buildSettings = {
				BUNDLE_LOADER = "$(TEST_HOST)";
				COMBINE_HIDPI_IMAGES = YES;
				INFOPLIST_FILE = MDTableNannyTests/Info.plist;
				LD_RUNPATH_SEARCH_PATHS = "$(inherited) @executable_path/../Frameworks @loader_path/../Frameworks";
				PRODUCT_BUNDLE_IDENTIFIER = de.christiantietze.MDTableNannyTests;
				PRODUCT_NAME = "$(TARGET_NAME)";
				TEST_HOST = "$(BUILT_PRODUCTS_DIR)/MDTableNanny.app/Contents/MacOS/MDTableNanny";
			};
			name = Debug;
		};
		502C2B901D263E1D00BCCC38 /* Release */ = {
			isa = XCBuildConfiguration;
			buildSettings = {
				BUNDLE_LOADER = "$(TEST_HOST)";
				COMBINE_HIDPI_IMAGES = YES;
				INFOPLIST_FILE = MDTableNannyTests/Info.plist;
				LD_RUNPATH_SEARCH_PATHS = "$(inherited) @executable_path/../Frameworks @loader_path/../Frameworks";
				PRODUCT_BUNDLE_IDENTIFIER = de.christiantietze.MDTableNannyTests;
				PRODUCT_NAME = "$(TARGET_NAME)";
				TEST_HOST = "$(BUILT_PRODUCTS_DIR)/MDTableNanny.app/Contents/MacOS/MDTableNanny";
			};
			name = Release;
		};
/* End XCBuildConfiguration section */

/* Begin XCConfigurationList section */
		502C2B6E1D263E1D00BCCC38 /* Build configuration list for PBXProject "MDTableNanny" */ = {
			isa = XCConfigurationList;
			buildConfigurations = (
				502C2B891D263E1D00BCCC38 /* Debug */,
				502C2B8A1D263E1D00BCCC38 /* Release */,
			);
			defaultConfigurationIsVisible = 0;
			defaultConfigurationName = Release;
		};
		502C2B8B1D263E1D00BCCC38 /* Build configuration list for PBXNativeTarget "MDTableNanny" */ = {
			isa = XCConfigurationList;
			buildConfigurations = (
				502C2B8C1D263E1D00BCCC38 /* Debug */,
				502C2B8D1D263E1D00BCCC38 /* Release */,
			);
			defaultConfigurationIsVisible = 0;
		};
		502C2B8E1D263E1D00BCCC38 /* Build configuration list for PBXNativeTarget "MDTableNannyTests" */ = {
			isa = XCConfigurationList;
			buildConfigurations = (
				502C2B8F1D263E1D00BCCC38 /* Debug */,
				502C2B901D263E1D00BCCC38 /* Release */,
			);
			defaultConfigurationIsVisible = 0;
		};
/* End XCConfigurationList section */
	};
	rootObject = 502C2B6B1D263E1D00BCCC38 /* Project object */;
}
